
Microsoft Visual Studio Solution File, Format Version 12.00
# Visual Studio Version 16
VisualStudioVersion = 16.0.30406.217
MinimumVisualStudioVersion = 10.0.40219.1
Project("{8BC9CEB8-8B4A-11D0-8D11-00A0C91BC942}") = "UnicodeConsole", "UnicodeConsole\UnicodeConsole.vcxproj", "{DF233232-51F2-483A-8EB3-DB0D3FDE1204}"
EndProject
Project("{8BC9CEB8-8B4A-11D0-8D11-00A0C91BC942}") = "WindowsThreadPool", "WindowsThreadPool\WindowsThreadPool.vcxproj", "{EFF9F572-3A3E-41FA-924E-3B48226F8D89}"
EndProject
Project("{8BC9CEB8-8B4A-11D0-8D11-00A0C91BC942}") = "jturbo", "jturbo\jturbo.vcxproj", "{66C075F0-5AE1-493B-A8FB-90B54739418B}"
EndProject
Project("{2150E333-8FDC-42A3-9474-1A3956D46DE8}") = "Solution Items", "Solution Items", "{135C791F-5EBE-4D69-BD35-850CFDFEDC30}"
	ProjectSection(SolutionItems) = preProject
		README.md = README.md
	EndProjectSection
EndProject
Project("{8BC9CEB8-8B4A-11D0-8D11-00A0C91BC942}") = "tbb_concurrent_hash_map", "tbb_concurrent_hash_map\tbb_concurrent_hash_map.vcxproj", "{83822066-7ED7-473A-A033-45C23C44E315}"
EndProject
Project("{8BC9CEB8-8B4A-11D0-8D11-00A0C91BC942}") = "enum_class_bitmask", "enum_class_bitmask\enum_class_bitmask.vcxproj", "{8AA7AF51-9D67-4A3E-83E4-0B2A44C6EFA2}"
EndProject
Project("{8BC9CEB8-8B4A-11D0-8D11-00A0C91BC942}") = "SerializeData", "SerializeData\SerializeData.vcxproj", "{8728E149-D518-4A78-B327-1C7257590D2B}"
EndProject
Project("{8BC9CEB8-8B4A-11D0-8D11-00A0C91BC942}") = "StdThreadPool", "StdThreadPool\StdThreadPool.vcxproj", "{9C2D5ECC-BF57-484E-986D-53D212B38CB0}"
EndProject
Global
	GlobalSection(SolutionConfigurationPlatforms) = preSolution
		Debug|x64 = Debug|x64
		Debug|x86 = Debug|x86
		Release|x64 = Release|x64
		Release|x86 = Release|x86
	EndGlobalSection
	GlobalSection(ProjectConfigurationPlatforms) = postSolution
		{DF233232-51F2-483A-8EB3-DB0D3FDE1204}.Debug|x64.ActiveCfg = Debug|x64
		{DF233232-51F2-483A-8EB3-DB0D3FDE1204}.Debug|x64.Build.0 = Debug|x64
		{DF233232-51F2-483A-8EB3-DB0D3FDE1204}.Debug|x86.ActiveCfg = Debug|Win32
		{DF233232-51F2-483A-8EB3-DB0D3FDE1204}.Debug|x86.Build.0 = Debug|Win32
		{DF233232-51F2-483A-8EB3-DB0D3FDE1204}.Release|x64.ActiveCfg = Release|x64
		{DF233232-51F2-483A-8EB3-DB0D3FDE1204}.Release|x64.Build.0 = Release|x64
		{DF233232-51F2-483A-8EB3-DB0D3FDE1204}.Release|x86.ActiveCfg = Release|Win32
		{DF233232-51F2-483A-8EB3-DB0D3FDE1204}.Release|x86.Build.0 = Release|Win32
		{EFF9F572-3A3E-41FA-924E-3B48226F8D89}.Debug|x64.ActiveCfg = Debug|x64
		{EFF9F572-3A3E-41FA-924E-3B48226F8D89}.Debug|x64.Build.0 = Debug|x64
		{EFF9F572-3A3E-41FA-924E-3B48226F8D89}.Debug|x86.ActiveCfg = Debug|Win32
		{EFF9F572-3A3E-41FA-924E-3B48226F8D89}.Debug|x86.Build.0 = Debug|Win32
		{EFF9F572-3A3E-41FA-924E-3B48226F8D89}.Release|x64.ActiveCfg = Release|x64
		{EFF9F572-3A3E-41FA-924E-3B48226F8D89}.Release|x64.Build.0 = Release|x64
		{EFF9F572-3A3E-41FA-924E-3B48226F8D89}.Release|x86.ActiveCfg = Release|Win32
		{EFF9F572-3A3E-41FA-924E-3B48226F8D89}.Release|x86.Build.0 = Release|Win32
		{66C075F0-5AE1-493B-A8FB-90B54739418B}.Debug|x64.ActiveCfg = Debug|x64
		{66C075F0-5AE1-493B-A8FB-90B54739418B}.Debug|x64.Build.0 = Debug|x64
		{66C075F0-5AE1-493B-A8FB-90B54739418B}.Debug|x86.ActiveCfg = Debug|Win32
		{66C075F0-5AE1-493B-A8FB-90B54739418B}.Debug|x86.Build.0 = Debug|Win32
		{66C075F0-5AE1-493B-A8FB-90B54739418B}.Release|x64.ActiveCfg = Release|x64
		{66C075F0-5AE1-493B-A8FB-90B54739418B}.Release|x64.Build.0 = Release|x64
		{66C075F0-5AE1-493B-A8FB-90B54739418B}.Release|x86.ActiveCfg = Release|Win32
		{66C075F0-5AE1-493B-A8FB-90B54739418B}.Release|x86.Build.0 = Release|Win32
		{83822066-7ED7-473A-A033-45C23C44E315}.Debug|x64.ActiveCfg = Debug|x64
		{83822066-7ED7-473A-A033-45C23C44E315}.Debug|x64.Build.0 = Debug|x64
		{83822066-7ED7-473A-A033-45C23C44E315}.Debug|x86.ActiveCfg = Debug|Win32
		{83822066-7ED7-473A-A033-45C23C44E315}.Debug|x86.Build.0 = Debug|Win32
		{83822066-7ED7-473A-A033-45C23C44E315}.Release|x64.ActiveCfg = Release|x64
		{83822066-7ED7-473A-A033-45C23C44E315}.Release|x64.Build.0 = Release|x64
		{83822066-7ED7-473A-A033-45C23C44E315}.Release|x86.ActiveCfg = Release|Win32
		{83822066-7ED7-473A-A033-45C23C44E315}.Release|x86.Build.0 = Release|Win32
		{8AA7AF51-9D67-4A3E-83E4-0B2A44C6EFA2}.Debug|x64.ActiveCfg = Debug|x64
		{8AA7AF51-9D67-4A3E-83E4-0B2A44C6EFA2}.Debug|x64.Build.0 = Debug|x64
		{8AA7AF51-9D67-4A3E-83E4-0B2A44C6EFA2}.Debug|x86.ActiveCfg = Debug|Win32
		{8AA7AF51-9D67-4A3E-83E4-0B2A44C6EFA2}.Debug|x86.Build.0 = Debug|Win32
		{8AA7AF51-9D67-4A3E-83E4-0B2A44C6EFA2}.Release|x64.ActiveCfg = Release|x64
		{8AA7AF51-9D67-4A3E-83E4-0B2A44C6EFA2}.Release|x64.Build.0 = Release|x64
		{8AA7AF51-9D67-4A3E-83E4-0B2A44C6EFA2}.Release|x86.ActiveCfg = Release|Win32
		{8AA7AF51-9D67-4A3E-83E4-0B2A44C6EFA2}.Release|x86.Build.0 = Release|Win32
		{8728E149-D518-4A78-B327-1C7257590D2B}.Debug|x64.ActiveCfg = Debug|x64
		{8728E149-D518-4A78-B327-1C7257590D2B}.Debug|x64.Build.0 = Debug|x64
		{8728E149-D518-4A78-B327-1C7257590D2B}.Debug|x86.ActiveCfg = Debug|Win32
		{8728E149-D518-4A78-B327-1C7257590D2B}.Debug|x86.Build.0 = Debug|Win32
		{8728E149-D518-4A78-B327-1C7257590D2B}.Release|x64.ActiveCfg = Release|x64
		{8728E149-D518-4A78-B327-1C7257590D2B}.Release|x64.Build.0 = Release|x64
		{8728E149-D518-4A78-B327-1C7257590D2B}.Release|x86.ActiveCfg = Release|Win32
		{8728E149-D518-4A78-B327-1C7257590D2B}.Release|x86.Build.0 = Release|Win32
		{9C2D5ECC-BF57-484E-986D-53D212B38CB0}.Debug|x64.ActiveCfg = Debug|x64
		{9C2D5ECC-BF57-484E-986D-53D212B38CB0}.Debug|x64.Build.0 = Debug|x64
		{9C2D5ECC-BF57-484E-986D-53D212B38CB0}.Debug|x86.ActiveCfg = Debug|Win32
		{9C2D5ECC-BF57-484E-986D-53D212B38CB0}.Debug|x86.Build.0 = Debug|Win32
		{9C2D5ECC-BF57-484E-986D-53D212B38CB0}.Release|x64.ActiveCfg = Release|x64
		{9C2D5ECC-BF57-484E-986D-53D212B38CB0}.Release|x64.Build.0 = Release|x64
		{9C2D5ECC-BF57-484E-986D-53D212B38CB0}.Release|x86.ActiveCfg = Release|Win32
		{9C2D5ECC-BF57-484E-986D-53D212B38CB0}.Release|x86.Build.0 = Release|Win32
	EndGlobalSection
	GlobalSection(SolutionProperties) = preSolution
		HideSolutionNode = FALSE
	EndGlobalSection
	GlobalSection(ExtensibilityGlobals) = postSolution
		SolutionGuid = {AFB9C554-BB91-4E76-82D3-7E11A6B5CFA4}
	EndGlobalSection
EndGlobal
